
Microsoft Visual Studio Solution File, Format Version 12.00
# Visual Studio 14
VisualStudioVersion = 14.0.23107.0
MinimumVisualStudioVersion = 10.0.40219.1
Project("{FAE04EC0-301F-11D3-BF4B-00C04F79EFBC}") = "01.FillTheMatrix", "01.FillTheMatrix\01.FillTheMatrix.csproj", "{AECC8738-A1BD-4302-95BF-7FCF53ABE6F0}"
EndProject
Project("{FAE04EC0-301F-11D3-BF4B-00C04F79EFBC}") = "02.MaximalSum", "02.MaximalSum\02.MaximalSum.csproj", "{755E82F0-7FEE-4E85-BA16-A9F1D8E1C9BE}"
EndProject
Project("{FAE04EC0-301F-11D3-BF4B-00C04F79EFBC}") = "02.MaxSum", "03.MaxSum\02.MaxSum.csproj", "{AD6EE4A7-E235-454D-BE92-878FB4293C12}"
EndProject
Project("{FAE04EC0-301F-11D3-BF4B-00C04F79EFBC}") = "03.MatrixShuffling", "03.MatrixShuffling\03.MatrixShuffling.csproj", "{1BB444FE-FE28-4866-A11E-9FF61719A2B1}"
EndProject
Project("{FAE04EC0-301F-11D3-BF4B-00C04F79EFBC}") = "04.SequnceInMatrix", "04.SequnceInMatrix\04.SequnceInMatrix.csproj", "{444E7528-3501-412C-BC22-5B97EF37E8E8}"
EndProject
Project("{FAE04EC0-301F-11D3-BF4B-00C04F79EFBC}") = "05.CollectTheCoins", "05.CollectTheCoins\05.CollectTheCoins.csproj", "{3161C1A3-A905-4A29-9663-2DA5B95FC926}"
EndProject
Project("{FAE04EC0-301F-11D3-BF4B-00C04F79EFBC}") = "06.CountSymbols", "06.CountSymbols\06.CountSymbols.csproj", "{37C5B09F-CC92-453B-A5B4-FA486B25F9E8}"
EndProject
Project("{FAE04EC0-301F-11D3-BF4B-00C04F79EFBC}") = "07.PhoneBook", "071.PhoneBook\07.PhoneBook.csproj", "{54BEEF0F-E427-45E0-B3F0-8E8228BD6CAA}"
EndProject
Project("{FAE04EC0-301F-11D3-BF4B-00C04F79EFBC}") = "08.NightLife", "08.NightLife\08.NightLife.csproj", "{D1B966D0-B5AD-4969-B534-7E097E24AE68}"
EndProject
Global
	GlobalSection(SolutionConfigurationPlatforms) = preSolution
		Debug|Any CPU = Debug|Any CPU
		Release|Any CPU = Release|Any CPU
	EndGlobalSection
	GlobalSection(ProjectConfigurationPlatforms) = postSolution
		{AECC8738-A1BD-4302-95BF-7FCF53ABE6F0}.Debug|Any CPU.ActiveCfg = Debug|Any CPU
		{AECC8738-A1BD-4302-95BF-7FCF53ABE6F0}.Debug|Any CPU.Build.0 = Debug|Any CPU
		{AECC8738-A1BD-4302-95BF-7FCF53ABE6F0}.Release|Any CPU.ActiveCfg = Release|Any CPU
		{AECC8738-A1BD-4302-95BF-7FCF53ABE6F0}.Release|Any CPU.Build.0 = Release|Any CPU
		{755E82F0-7FEE-4E85-BA16-A9F1D8E1C9BE}.Debug|Any CPU.ActiveCfg = Debug|Any CPU
		{755E82F0-7FEE-4E85-BA16-A9F1D8E1C9BE}.Debug|Any CPU.Build.0 = Debug|Any CPU
		{755E82F0-7FEE-4E85-BA16-A9F1D8E1C9BE}.Release|Any CPU.ActiveCfg = Release|Any CPU
		{755E82F0-7FEE-4E85-BA16-A9F1D8E1C9BE}.Release|Any CPU.Build.0 = Release|Any CPU
		{AD6EE4A7-E235-454D-BE92-878FB4293C12}.Debug|Any CPU.ActiveCfg = Debug|Any CPU
		{AD6EE4A7-E235-454D-BE92-878FB4293C12}.Debug|Any CPU.Build.0 = Debug|Any CPU
		{AD6EE4A7-E235-454D-BE92-878FB4293C12}.Release|Any CPU.ActiveCfg = Release|Any CPU
		{AD6EE4A7-E235-454D-BE92-878FB4293C12}.Release|Any CPU.Build.0 = Release|Any CPU
		{1BB444FE-FE28-4866-A11E-9FF61719A2B1}.Debug|Any CPU.ActiveCfg = Debug|Any CPU
		{1BB444FE-FE28-4866-A11E-9FF61719A2B1}.Debug|Any CPU.Build.0 = Debug|Any CPU
		{1BB444FE-FE28-4866-A11E-9FF61719A2B1}.Release|Any CPU.ActiveCfg = Release|Any CPU
		{1BB444FE-FE28-4866-A11E-9FF61719A2B1}.Release|Any CPU.Build.0 = Release|Any CPU
		{444E7528-3501-412C-BC22-5B97EF37E8E8}.Debug|Any CPU.ActiveCfg = Debug|Any CPU
		{444E7528-3501-412C-BC22-5B97EF37E8E8}.Debug|Any CPU.Build.0 = Debug|Any CPU
		{444E7528-3501-412C-BC22-5B97EF37E8E8}.Release|Any CPU.ActiveCfg = Release|Any CPU
		{444E7528-3501-412C-BC22-5B97EF37E8E8}.Release|Any CPU.Build.0 = Release|Any CPU
		{3161C1A3-A905-4A29-9663-2DA5B95FC926}.Debug|Any CPU.ActiveCfg = Debug|Any CPU
		{3161C1A3-A905-4A29-9663-2DA5B95FC926}.Debug|Any CPU.Build.0 = Debug|Any CPU
		{3161C1A3-A905-4A29-9663-2DA5B95FC926}.Release|Any CPU.ActiveCfg = Release|Any CPU
		{3161C1A3-A905-4A29-9663-2DA5B95FC926}.Release|Any CPU.Build.0 = Release|Any CPU
		{37C5B09F-CC92-453B-A5B4-FA486B25F9E8}.Debug|Any CPU.ActiveCfg = Debug|Any CPU
		{37C5B09F-CC92-453B-A5B4-FA486B25F9E8}.Debug|Any CPU.Build.0 = Debug|Any CPU
		{37C5B09F-CC92-453B-A5B4-FA486B25F9E8}.Release|Any CPU.ActiveCfg = Release|Any CPU
		{37C5B09F-CC92-453B-A5B4-FA486B25F9E8}.Release|Any CPU.Build.0 = Release|Any CPU
		{54BEEF0F-E427-45E0-B3F0-8E8228BD6CAA}.Debug|Any CPU.ActiveCfg = Debug|Any CPU
		{54BEEF0F-E427-45E0-B3F0-8E8228BD6CAA}.Debug|Any CPU.Build.0 = Debug|Any CPU
		{54BEEF0F-E427-45E0-B3F0-8E8228BD6CAA}.Release|Any CPU.ActiveCfg = Release|Any CPU
		{54BEEF0F-E427-45E0-B3F0-8E8228BD6CAA}.Release|Any CPU.Build.0 = Release|Any CPU
		{D1B966D0-B5AD-4969-B534-7E097E24AE68}.Debug|Any CPU.ActiveCfg = Debug|Any CPU
		{D1B966D0-B5AD-4969-B534-7E097E24AE68}.Debug|Any CPU.Build.0 = Debug|Any CPU
		{D1B966D0-B5AD-4969-B534-7E097E24AE68}.Release|Any CPU.ActiveCfg = Release|Any CPU
		{D1B966D0-B5AD-4969-B534-7E097E24AE68}.Release|Any CPU.Build.0 = Release|Any CPU
	EndGlobalSection
	GlobalSection(SolutionProperties) = preSolution
		HideSolutionNode = FALSE
	EndGlobalSection
EndGlobal
